// !$*UTF8*$!
{
	archiveVersion = 1;
	classes = {
	};
	objectVersion = 56;
	objects = {

/* Begin PBXBuildFile section */
		894F24292A40157500F31D61 /* AppDelegate.swift in Sources */ = {isa = PBXBuildFile; fileRef = 894F24282A40157500F31D61 /* AppDelegate.swift */; };
		894F242B2A40157500F31D61 /* SceneDelegate.swift in Sources */ = {isa = PBXBuildFile; fileRef = 894F242A2A40157500F31D61 /* SceneDelegate.swift */; };
		894F242D2A40157500F31D61 /* ViewController.swift in Sources */ = {isa = PBXBuildFile; fileRef = 894F242C2A40157500F31D61 /* ViewController.swift */; };
		894F24302A40157500F31D61 /* Main.storyboard in Resources */ = {isa = PBXBuildFile; fileRef = 894F242E2A40157500F31D61 /* Main.storyboard */; };
		894F24322A40157700F31D61 /* Assets.xcassets in Resources */ = {isa = PBXBuildFile; fileRef = 894F24312A40157700F31D61 /* Assets.xcassets */; };
		894F24352A40157700F31D61 /* LaunchScreen.storyboard in Resources */ = {isa = PBXBuildFile; fileRef = 894F24332A40157700F31D61 /* LaunchScreen.storyboard */; };
		894F24402A40157700F31D61 /* LIfeCycleTests.swift in Sources */ = {isa = PBXBuildFile; fileRef = 894F243F2A40157700F31D61 /* LIfeCycleTests.swift */; };
		894F244A2A40157700F31D61 /* LIfeCycleUITests.swift in Sources */ = {isa = PBXBuildFile; fileRef = 894F24492A40157700F31D61 /* LIfeCycleUITests.swift */; };
		894F244C2A40157700F31D61 /* LIfeCycleUITestsLaunchTests.swift in Sources */ = {isa = PBXBuildFile; fileRef = 894F244B2A40157700F31D61 /* LIfeCycleUITestsLaunchTests.swift */; };
/* End PBXBuildFile section */

/* Begin PBXContainerItemProxy section */
		894F243C2A40157700F31D61 /* PBXContainerItemProxy */ = {
			isa = PBXContainerItemProxy;
			containerPortal = 894F241D2A40157500F31D61 /* Project object */;
			proxyType = 1;
			remoteGlobalIDString = 894F24242A40157500F31D61;
			remoteInfo = LIfeCycle;
		};
		894F24462A40157700F31D61 /* PBXContainerItemProxy */ = {
			isa = PBXContainerItemProxy;
			containerPortal = 894F241D2A40157500F31D61 /* Project object */;
			proxyType = 1;
			remoteGlobalIDString = 894F24242A40157500F31D61;
			remoteInfo = LIfeCycle;
		};
/* End PBXContainerItemProxy section */

/* Begin PBXFileReference section */
		894F24252A40157500F31D61 /* ViewControllLifeCycle.app */ = {isa = PBXFileReference; explicitFileType = wrapper.application; includeInIndex = 0; path = ViewControllLifeCycle.app; sourceTree = BUILT_PRODUCTS_DIR; };
		894F24282A40157500F31D61 /* AppDelegate.swift */ = {isa = PBXFileReference; lastKnownFileType = sourcecode.swift; path = AppDelegate.swift; sourceTree = "<group>"; };
		894F242A2A40157500F31D61 /* SceneDelegate.swift */ = {isa = PBXFileReference; lastKnownFileType = sourcecode.swift; path = SceneDelegate.swift; sourceTree = "<group>"; };
		894F242C2A40157500F31D61 /* ViewController.swift */ = {isa = PBXFileReference; lastKnownFileType = sourcecode.swift; path = ViewController.swift; sourceTree = "<group>"; };
		894F242F2A40157500F31D61 /* Base */ = {isa = PBXFileReference; lastKnownFileType = file.storyboard; name = Base; path = Base.lproj/Main.storyboard; sourceTree = "<group>"; };
		894F24312A40157700F31D61 /* Assets.xcassets */ = {isa = PBXFileReference; lastKnownFileType = folder.assetcatalog; path = Assets.xcassets; sourceTree = "<group>"; };
		894F24342A40157700F31D61 /* Base */ = {isa = PBXFileReference; lastKnownFileType = file.storyboard; name = Base; path = Base.lproj/LaunchScreen.storyboard; sourceTree = "<group>"; };
		894F24362A40157700F31D61 /* Info.plist */ = {isa = PBXFileReference; lastKnownFileType = text.plist.xml; path = Info.plist; sourceTree = "<group>"; };
		894F243B2A40157700F31D61 /* ViewControllLifeCycleTests.xctest */ = {isa = PBXFileReference; explicitFileType = wrapper.cfbundle; includeInIndex = 0; path = ViewControllLifeCycleTests.xctest; sourceTree = BUILT_PRODUCTS_DIR; };
		894F243F2A40157700F31D61 /* LIfeCycleTests.swift */ = {isa = PBXFileReference; lastKnownFileType = sourcecode.swift; path = LIfeCycleTests.swift; sourceTree = "<group>"; };
		894F24452A40157700F31D61 /* ViewControllLifeCycleUITests.xctest */ = {isa = PBXFileReference; explicitFileType = wrapper.cfbundle; includeInIndex = 0; path = ViewControllLifeCycleUITests.xctest; sourceTree = BUILT_PRODUCTS_DIR; };
		894F24492A40157700F31D61 /* LIfeCycleUITests.swift */ = {isa = PBXFileReference; lastKnownFileType = sourcecode.swift; path = LIfeCycleUITests.swift; sourceTree = "<group>"; };
		894F244B2A40157700F31D61 /* LIfeCycleUITestsLaunchTests.swift */ = {isa = PBXFileReference; lastKnownFileType = sourcecode.swift; path = LIfeCycleUITestsLaunchTests.swift; sourceTree = "<group>"; };
/* End PBXFileReference section */

/* Begin PBXFrameworksBuildPhase section */
		894F24222A40157500F31D61 /* Frameworks */ = {
			isa = PBXFrameworksBuildPhase;
			buildActionMask = 2147483647;
			files = (
			);
			runOnlyForDeploymentPostprocessing = 0;
		};
		894F24382A40157700F31D61 /* Frameworks */ = {
			isa = PBXFrameworksBuildPhase;
			buildActionMask = 2147483647;
			files = (
			);
			runOnlyForDeploymentPostprocessing = 0;
		};
		894F24422A40157700F31D61 /* Frameworks */ = {
			isa = PBXFrameworksBuildPhase;
			buildActionMask = 2147483647;
			files = (
			);
			runOnlyForDeploymentPostprocessing = 0;
		};
/* End PBXFrameworksBuildPhase section */

/* Begin PBXGroup section */
		894F241C2A40157500F31D61 = {
			isa = PBXGroup;
			children = (
				894F24272A40157500F31D61 /* LIfeCycle */,
				894F243E2A40157700F31D61 /* LIfeCycleTests */,
				894F24482A40157700F31D61 /* LIfeCycleUITests */,
				894F24262A40157500F31D61 /* Products */,
			);
			sourceTree = "<group>";
		};
		894F24262A40157500F31D61 /* Products */ = {
			isa = PBXGroup;
			children = (
				894F24252A40157500F31D61 /* ViewControllLifeCycle.app */,
				894F243B2A40157700F31D61 /* ViewControllLifeCycleTests.xctest */,
				894F24452A40157700F31D61 /* ViewControllLifeCycleUITests.xctest */,
			);
			name = Products;
			sourceTree = "<group>";
		};
		894F24272A40157500F31D61 /* LIfeCycle */ = {
			isa = PBXGroup;
			children = (
				894F24282A40157500F31D61 /* AppDelegate.swift */,
				894F242A2A40157500F31D61 /* SceneDelegate.swift */,
				894F242C2A40157500F31D61 /* ViewController.swift */,
				894F242E2A40157500F31D61 /* Main.storyboard */,
				894F24312A40157700F31D61 /* Assets.xcassets */,
				894F24332A40157700F31D61 /* LaunchScreen.storyboard */,
				894F24362A40157700F31D61 /* Info.plist */,
			);
			path = LIfeCycle;
			sourceTree = "<group>";
		};
		894F243E2A40157700F31D61 /* LIfeCycleTests */ = {
			isa = PBXGroup;
			children = (
				894F243F2A40157700F31D61 /* LIfeCycleTests.swift */,
			);
			path = LIfeCycleTests;
			sourceTree = "<group>";
		};
		894F24482A40157700F31D61 /* LIfeCycleUITests */ = {
			isa = PBXGroup;
			children = (
				894F24492A40157700F31D61 /* LIfeCycleUITests.swift */,
				894F244B2A40157700F31D61 /* LIfeCycleUITestsLaunchTests.swift */,
			);
			path = LIfeCycleUITests;
			sourceTree = "<group>";
		};
/* End PBXGroup section */

/* Begin PBXNativeTarget section */
		894F24242A40157500F31D61 /* ViewControllLifeCycle */ = {
			isa = PBXNativeTarget;
			buildConfigurationList = 894F244F2A40157700F31D61 /* Build configuration list for PBXNativeTarget "ViewControllLifeCycle" */;
			buildPhases = (
				894F24212A40157500F31D61 /* Sources */,
				894F24222A40157500F31D61 /* Frameworks */,
				894F24232A40157500F31D61 /* Resources */,
			);
			buildRules = (
			);
			dependencies = (
			);
			name = ViewControllLifeCycle;
			productName = LIfeCycle;
			productReference = 894F24252A40157500F31D61 /* ViewControllLifeCycle.app */;
			productType = "com.apple.product-type.application";
		};
		894F243A2A40157700F31D61 /* ViewControllLifeCycleTests */ = {
			isa = PBXNativeTarget;
			buildConfigurationList = 894F24522A40157700F31D61 /* Build configuration list for PBXNativeTarget "ViewControllLifeCycleTests" */;
			buildPhases = (
				894F24372A40157700F31D61 /* Sources */,
				894F24382A40157700F31D61 /* Frameworks */,
				894F24392A40157700F31D61 /* Resources */,
			);
			buildRules = (
			);
			dependencies = (
				894F243D2A40157700F31D61 /* PBXTargetDependency */,
			);
			name = ViewControllLifeCycleTests;
			productName = LIfeCycleTests;
			productReference = 894F243B2A40157700F31D61 /* ViewControllLifeCycleTests.xctest */;
			productType = "com.apple.product-type.bundle.unit-test";
		};
		894F24442A40157700F31D61 /* ViewControllLifeCycleUITests */ = {
			isa = PBXNativeTarget;
			buildConfigurationList = 894F24552A40157700F31D61 /* Build configuration list for PBXNativeTarget "ViewControllLifeCycleUITests" */;
			buildPhases = (
				894F24412A40157700F31D61 /* Sources */,
				894F24422A40157700F31D61 /* Frameworks */,
				894F24432A40157700F31D61 /* Resources */,
			);
			buildRules = (
			);
			dependencies = (
				894F24472A40157700F31D61 /* PBXTargetDependency */,
			);
			name = ViewControllLifeCycleUITests;
			productName = LIfeCycleUITests;
			productReference = 894F24452A40157700F31D61 /* ViewControllLifeCycleUITests.xctest */;
			productType = "com.apple.product-type.bundle.ui-testing";
		};
/* End PBXNativeTarget section */

/* Begin PBXProject section */
		894F241D2A40157500F31D61 /* Project object */ = {
			isa = PBXProject;
			attributes = {
				BuildIndependentTargetsInParallel = 1;
				LastSwiftUpdateCheck = 1430;
				LastUpgradeCheck = 1430;
				TargetAttributes = {
					894F24242A40157500F31D61 = {
						CreatedOnToolsVersion = 14.3.1;
					};
					894F243A2A40157700F31D61 = {
						CreatedOnToolsVersion = 14.3.1;
						TestTargetID = 894F24242A40157500F31D61;
					};
					894F24442A40157700F31D61 = {
						CreatedOnToolsVersion = 14.3.1;
						TestTargetID = 894F24242A40157500F31D61;
					};
				};
			};
			buildConfigurationList = 894F24202A40157500F31D61 /* Build configuration list for PBXProject "ViewControllLifeCycle" */;
			compatibilityVersion = "Xcode 14.0";
			developmentRegion = en;
			hasScannedForEncodings = 0;
			knownRegions = (
				en,
				Base,
			);
			mainGroup = 894F241C2A40157500F31D61;
			productRefGroup = 894F24262A40157500F31D61 /* Products */;
			projectDirPath = "";
			projectRoot = "";
			targets = (
				894F24242A40157500F31D61 /* ViewControllLifeCycle */,
				894F243A2A40157700F31D61 /* ViewControllLifeCycleTests */,
				894F24442A40157700F31D61 /* ViewControllLifeCycleUITests */,
			);
		};
/* End PBXProject section */

/* Begin PBXResourcesBuildPhase section */
		894F24232A40157500F31D61 /* Resources */ = {
			isa = PBXResourcesBuildPhase;
			buildActionMask = 2147483647;
			files = (
				894F24352A40157700F31D61 /* LaunchScreen.storyboard in Resources */,
				894F24322A40157700F31D61 /* Assets.xcassets in Resources */,
				894F24302A40157500F31D61 /* Main.storyboard in Resources */,
			);
			runOnlyForDeploymentPostprocessing = 0;
		};
		894F24392A40157700F31D61 /* Resources */ = {
			isa = PBXResourcesBuildPhase;
			buildActionMask = 2147483647;
			files = (
			);
			runOnlyForDeploymentPostprocessing = 0;
		};
		894F24432A40157700F31D61 /* Resources */ = {
			isa = PBXResourcesBuildPhase;
			buildActionMask = 2147483647;
			files = (
			);
			runOnlyForDeploymentPostprocessing = 0;
		};
/* End PBXResourcesBuildPhase section */

/* Begin PBXSourcesBuildPhase section */
		894F24212A40157500F31D61 /* Sources */ = {
			isa = PBXSourcesBuildPhase;
			buildActionMask = 2147483647;
			files = (
				894F242D2A40157500F31D61 /* ViewController.swift in Sources */,
				894F24292A40157500F31D61 /* AppDelegate.swift in Sources */,
				894F242B2A40157500F31D61 /* SceneDelegate.swift in Sources */,
			);
			runOnlyForDeploymentPostprocessing = 0;
		};
		894F24372A40157700F31D61 /* Sources */ = {
			isa = PBXSourcesBuildPhase;
			buildActionMask = 2147483647;
			files = (
				894F24402A40157700F31D61 /* LIfeCycleTests.swift in Sources */,
			);
			runOnlyForDeploymentPostprocessing = 0;
		};
		894F24412A40157700F31D61 /* Sources */ = {
			isa = PBXSourcesBuildPhase;
			buildActionMask = 2147483647;
			files = (
				894F244A2A40157700F31D61 /* LIfeCycleUITests.swift in Sources */,
				894F244C2A40157700F31D61 /* LIfeCycleUITestsLaunchTests.swift in Sources */,
			);
			runOnlyForDeploymentPostprocessing = 0;
		};
/* End PBXSourcesBuildPhase section */

/* Begin PBXTargetDependency section */
		894F243D2A40157700F31D61 /* PBXTargetDependency */ = {
			isa = PBXTargetDependency;
			target = 894F24242A40157500F31D61 /* ViewControllLifeCycle */;
			targetProxy = 894F243C2A40157700F31D61 /* PBXContainerItemProxy */;
		};
		894F24472A40157700F31D61 /* PBXTargetDependency */ = {
			isa = PBXTargetDependency;
			target = 894F24242A40157500F31D61 /* ViewControllLifeCycle */;
			targetProxy = 894F24462A40157700F31D61 /* PBXContainerItemProxy */;
		};
/* End PBXTargetDependency section */

/* Begin PBXVariantGroup section */
		894F242E2A40157500F31D61 /* Main.storyboard */ = {
			isa = PBXVariantGroup;
			children = (
				894F242F2A40157500F31D61 /* Base */,
			);
			name = Main.storyboard;
			sourceTree = "<group>";
		};
		894F24332A40157700F31D61 /* LaunchScreen.storyboard */ = {
			isa = PBXVariantGroup;
			children = (
				894F24342A40157700F31D61 /* Base */,
			);
			name = LaunchScreen.storyboard;
			sourceTree = "<group>";
		};
/* End PBXVariantGroup section */

/* Begin XCBuildConfiguration section */
		894F244D2A40157700F31D61 /* Debug */ = {
			isa = XCBuildConfiguration;
			buildSettings = {
				ALWAYS_SEARCH_USER_PATHS = NO;
				CLANG_ANALYZER_NONNULL = YES;
				CLANG_ANALYZER_NUMBER_OBJECT_CONVERSION = YES_AGGRESSIVE;
				CLANG_CXX_LANGUAGE_STANDARD = "gnu++20";
				CLANG_ENABLE_MODULES = YES;
				CLANG_ENABLE_OBJC_ARC = YES;
				CLANG_ENABLE_OBJC_WEAK = YES;
				CLANG_WARN_BLOCK_CAPTURE_AUTORELEASING = YES;
				CLANG_WARN_BOOL_CONVERSION = YES;
				CLANG_WARN_COMMA = YES;
				CLANG_WARN_CONSTANT_CONVERSION = YES;
				CLANG_WARN_DEPRECATED_OBJC_IMPLEMENTATIONS = YES;
				CLANG_WARN_DIRECT_OBJC_ISA_USAGE = YES_ERROR;
				CLANG_WARN_DOCUMENTATION_COMMENTS = YES;
				CLANG_WARN_EMPTY_BODY = YES;
				CLANG_WARN_ENUM_CONVERSION = YES;
				CLANG_WARN_INFINITE_RECURSION = YES;
				CLANG_WARN_INT_CONVERSION = YES;
				CLANG_WARN_NON_LITERAL_NULL_CONVERSION = YES;
				CLANG_WARN_OBJC_IMPLICIT_RETAIN_SELF = YES;
				CLANG_WARN_OBJC_LITERAL_CONVERSION = YES;
				CLANG_WARN_OBJC_ROOT_CLASS = YES_ERROR;
				CLANG_WARN_QUOTED_INCLUDE_IN_FRAMEWORK_HEADER = YES;
				CLANG_WARN_RANGE_LOOP_ANALYSIS = YES;
				CLANG_WARN_STRICT_PROTOTYPES = YES;
				CLANG_WARN_SUSPICIOUS_MOVE = YES;
				CLANG_WARN_UNGUARDED_AVAILABILITY = YES_AGGRESSIVE;
				CLANG_WARN_UNREACHABLE_CODE = YES;
				CLANG_WARN__DUPLICATE_METHOD_MATCH = YES;
				COPY_PHASE_STRIP = NO;
				DEBUG_INFORMATION_FORMAT = dwarf;
				ENABLE_STRICT_OBJC_MSGSEND = YES;
				ENABLE_TESTABILITY = YES;
				GCC_C_LANGUAGE_STANDARD = gnu11;
				GCC_DYNAMIC_NO_PIC = NO;
				GCC_NO_COMMON_BLOCKS = YES;
				GCC_OPTIMIZATION_LEVEL = 0;
				GCC_PREPROCESSOR_DEFINITIONS = (
					"DEBUG=1",
					"$(inherited)",
				);
				GCC_WARN_64_TO_32_BIT_CONVERSION = YES;
				GCC_WARN_ABOUT_RETURN_TYPE = YES_ERROR;
				GCC_WARN_UNDECLARED_SELECTOR = YES;
				GCC_WARN_UNINITIALIZED_AUTOS = YES_AGGRESSIVE;
				GCC_WARN_UNUSED_FUNCTION = YES;
				GCC_WARN_UNUSED_VARIABLE = YES;
				IPHONEOS_DEPLOYMENT_TARGET = 16.4;
				MTL_ENABLE_DEBUG_INFO = INCLUDE_SOURCE;
				MTL_FAST_MATH = YES;
				ONLY_ACTIVE_ARCH = YES;
				SDKROOT = iphoneos;
				SWIFT_ACTIVE_COMPILATION_CONDITIONS = DEBUG;
				SWIFT_OPTIMIZATION_LEVEL = "-Onone";
			};
			name = Debug;
		};
		894F244E2A40157700F31D61 /* Release */ = {
			isa = XCBuildConfiguration;
			buildSettings = {
				ALWAYS_SEARCH_USER_PATHS = NO;
				CLANG_ANALYZER_NONNULL = YES;
				CLANG_ANALYZER_NUMBER_OBJECT_CONVERSION = YES_AGGRESSIVE;
				CLANG_CXX_LANGUAGE_STANDARD = "gnu++20";
				CLANG_ENABLE_MODULES = YES;
				CLANG_ENABLE_OBJC_ARC = YES;
				CLANG_ENABLE_OBJC_WEAK = YES;
				CLANG_WARN_BLOCK_CAPTURE_AUTORELEASING = YES;
				CLANG_WARN_BOOL_CONVERSION = YES;
				CLANG_WARN_COMMA = YES;
				CLANG_WARN_CONSTANT_CONVERSION = YES;
				CLANG_WARN_DEPRECATED_OBJC_IMPLEMENTATIONS = YES;
				CLANG_WARN_DIRECT_OBJC_ISA_USAGE = YES_ERROR;
				CLANG_WARN_DOCUMENTATION_COMMENTS = YES;
				CLANG_WARN_EMPTY_BODY = YES;
				CLANG_WARN_ENUM_CONVERSION = YES;
				CLANG_WARN_INFINITE_RECURSION = YES;
				CLANG_WARN_INT_CONVERSION = YES;
				CLANG_WARN_NON_LITERAL_NULL_CONVERSION = YES;
				CLANG_WARN_OBJC_IMPLICIT_RETAIN_SELF = YES;
				CLANG_WARN_OBJC_LITERAL_CONVERSION = YES;
				CLANG_WARN_OBJC_ROOT_CLASS = YES_ERROR;
				CLANG_WARN_QUOTED_INCLUDE_IN_FRAMEWORK_HEADER = YES;
				CLANG_WARN_RANGE_LOOP_ANALYSIS = YES;
				CLANG_WARN_STRICT_PROTOTYPES = YES;
				CLANG_WARN_SUSPICIOUS_MOVE = YES;
				CLANG_WARN_UNGUARDED_AVAILABILITY = YES_AGGRESSIVE;
				CLANG_WARN_UNREACHABLE_CODE = YES;
				CLANG_WARN__DUPLICATE_METHOD_MATCH = YES;
				COPY_PHASE_STRIP = NO;
				DEBUG_INFORMATION_FORMAT = "dwarf-with-dsym";
				ENABLE_NS_ASSERTIONS = NO;
				ENABLE_STRICT_OBJC_MSGSEND = YES;
				GCC_C_LANGUAGE_STANDARD = gnu11;
				GCC_NO_COMMON_BLOCKS = YES;
				GCC_WARN_64_TO_32_BIT_CONVERSION = YES;
				GCC_WARN_ABOUT_RETURN_TYPE = YES_ERROR;
				GCC_WARN_UNDECLARED_SELECTOR = YES;
				GCC_WARN_UNINITIALIZED_AUTOS = YES_AGGRESSIVE;
				GCC_WARN_UNUSED_FUNCTION = YES;
				GCC_WARN_UNUSED_VARIABLE = YES;
				IPHONEOS_DEPLOYMENT_TARGET = 16.4;
				MTL_ENABLE_DEBUG_INFO = NO;
				MTL_FAST_MATH = YES;
				SDKROOT = iphoneos;
				SWIFT_COMPILATION_MODE = wholemodule;
				SWIFT_OPTIMIZATION_LEVEL = "-O";
				VALIDATE_PRODUCT = YES;
			};
			name = Release;
		};
		894F24502A40157700F31D61 /* Debug */ = {
			isa = XCBuildConfiguration;
			buildSettings = {
				ASSETCATALOG_COMPILER_APPICON_NAME = AppIcon;
				ASSETCATALOG_COMPILER_GLOBAL_ACCENT_COLOR_NAME = AccentColor;
				CODE_SIGN_STYLE = Automatic;
				CURRENT_PROJECT_VERSION = 1;
				DEVELOPMENT_TEAM = 39D67N2Q24;
				GENERATE_INFOPLIST_FILE = YES;
				INFOPLIST_FILE = LIfeCycle/Info.plist;
				INFOPLIST_KEY_UIApplicationSupportsIndirectInputEvents = YES;
				INFOPLIST_KEY_UILaunchStoryboardName = LaunchScreen;
				INFOPLIST_KEY_UIMainStoryboardFile = Main;
				INFOPLIST_KEY_UISupportedInterfaceOrientations_iPad = "UIInterfaceOrientationPortrait UIInterfaceOrientationPortraitUpsideDown UIInterfaceOrientationLandscapeLeft UIInterfaceOrientationLandscapeRight";
				INFOPLIST_KEY_UISupportedInterfaceOrientations_iPhone = "UIInterfaceOrientationPortrait UIInterfaceOrientationLandscapeLeft UIInterfaceOrientationLandscapeRight";
				LD_RUNPATH_SEARCH_PATHS = (
					"$(inherited)",
					"@executable_path/Frameworks",
				);
				MARKETING_VERSION = 1.0;
				PRODUCT_BUNDLE_IDENTIFIER = noxid..LIfeCycle;
				PRODUCT_NAME = "$(TARGET_NAME)";
				SWIFT_EMIT_LOC_STRINGS = YES;
				SWIFT_VERSION = 5.0;
				TARGETED_DEVICE_FAMILY = "1,2";
			};
			name = Debug;
		};
		894F24512A40157700F31D61 /* Release */ = {
			isa = XCBuildConfiguration;
			buildSettings = {
				ASSETCATALOG_COMPILER_APPICON_NAME = AppIcon;
				ASSETCATALOG_COMPILER_GLOBAL_ACCENT_COLOR_NAME = AccentColor;
				CODE_SIGN_STYLE = Automatic;
				CURRENT_PROJECT_VERSION = 1;
				DEVELOPMENT_TEAM = 39D67N2Q24;
				GENERATE_INFOPLIST_FILE = YES;
				INFOPLIST_FILE = LIfeCycle/Info.plist;
				INFOPLIST_KEY_UIApplicationSupportsIndirectInputEvents = YES;
				INFOPLIST_KEY_UILaunchStoryboardName = LaunchScreen;
				INFOPLIST_KEY_UIMainStoryboardFile = Main;
				INFOPLIST_KEY_UISupportedInterfaceOrientations_iPad = "UIInterfaceOrientationPortrait UIInterfaceOrientationPortraitUpsideDown UIInterfaceOrientationLandscapeLeft UIInterfaceOrientationLandscapeRight";
				INFOPLIST_KEY_UISupportedInterfaceOrientations_iPhone = "UIInterfaceOrientationPortrait UIInterfaceOrientationLandscapeLeft UIInterfaceOrientationLandscapeRight";
				LD_RUNPATH_SEARCH_PATHS = (
					"$(inherited)",
					"@executable_path/Frameworks",
				);
				MARKETING_VERSION = 1.0;
				PRODUCT_BUNDLE_IDENTIFIER = noxid..LIfeCycle;
				PRODUCT_NAME = "$(TARGET_NAME)";
				SWIFT_EMIT_LOC_STRINGS = YES;
				SWIFT_VERSION = 5.0;
				TARGETED_DEVICE_FAMILY = "1,2";
			};
			name = Release;
		};
		894F24532A40157700F31D61 /* Debug */ = {
			isa = XCBuildConfiguration;
			buildSettings = {
				ALWAYS_EMBED_SWIFT_STANDARD_LIBRARIES = YES;
				BUNDLE_LOADER = "$(TEST_HOST)";
				CODE_SIGN_STYLE = Automatic;
				CURRENT_PROJECT_VERSION = 1;
				DEVELOPMENT_TEAM = 39D67N2Q24;
				GENERATE_INFOPLIST_FILE = YES;
				IPHONEOS_DEPLOYMENT_TARGET = 16.4;
				MARKETING_VERSION = 1.0;
				PRODUCT_BUNDLE_IDENTIFIER = noxid..LIfeCycleTests;
				PRODUCT_NAME = "$(TARGET_NAME)";
				SWIFT_EMIT_LOC_STRINGS = NO;
				SWIFT_VERSION = 5.0;
				TARGETED_DEVICE_FAMILY = "1,2";
				TEST_HOST = "$(BUILT_PRODUCTS_DIR)/ViewControllLifeCycle.app/$(BUNDLE_EXECUTABLE_FOLDER_PATH)/ViewControllLifeCycle";
			};
			name = Debug;
		};
		894F24542A40157700F31D61 /* Release */ = {
			isa = XCBuildConfiguration;
			buildSettings = {
				ALWAYS_EMBED_SWIFT_STANDARD_LIBRARIES = YES;
				BUNDLE_LOADER = "$(TEST_HOST)";
				CODE_SIGN_STYLE = Automatic;
				CURRENT_PROJECT_VERSION = 1;
				DEVELOPMENT_TEAM = 39D67N2Q24;
				GENERATE_INFOPLIST_FILE = YES;
				IPHONEOS_DEPLOYMENT_TARGET = 16.4;
				MARKETING_VERSION = 1.0;
				PRODUCT_BUNDLE_IDENTIFIER = noxid..LIfeCycleTests;
				PRODUCT_NAME = "$(TARGET_NAME)";
				SWIFT_EMIT_LOC_STRINGS = NO;
				SWIFT_VERSION = 5.0;
				TARGETED_DEVICE_FAMILY = "1,2";
				TEST_HOST = "$(BUILT_PRODUCTS_DIR)/ViewControllLifeCycle.app/$(BUNDLE_EXECUTABLE_FOLDER_PATH)/ViewControllLifeCycle";
			};
			name = Release;
		};
		894F24562A40157700F31D61 /* Debug */ = {
			isa = XCBuildConfiguration;
			buildSettings = {
				ALWAYS_EMBED_SWIFT_STANDARD_LIBRARIES = YES;
				CODE_SIGN_STYLE = Automatic;
				CURRENT_PROJECT_VERSION = 1;
				DEVELOPMENT_TEAM = 39D67N2Q24;
				GENERATE_INFOPLIST_FILE = YES;
				MARKETING_VERSION = 1.0;
				PRODUCT_BUNDLE_IDENTIFIER = noxid..LIfeCycleUITests;
				PRODUCT_NAME = "$(TARGET_NAME)";
				SWIFT_EMIT_LOC_STRINGS = NO;
				SWIFT_VERSION = 5.0;
				TARGETED_DEVICE_FAMILY = "1,2";
				TEST_TARGET_NAME = LIfeCycle;
			};
			name = Debug;
		};
		894F24572A40157700F31D61 /* Release */ = {
			isa = XCBuildConfiguration;
			buildSettings = {
				ALWAYS_EMBED_SWIFT_STANDARD_LIBRARIES = YES;
				CODE_SIGN_STYLE = Automatic;
				CURRENT_PROJECT_VERSION = 1;
				DEVELOPMENT_TEAM = 39D67N2Q24;
				GENERATE_INFOPLIST_FILE = YES;
				MARKETING_VERSION = 1.0;
				PRODUCT_BUNDLE_IDENTIFIER = noxid..LIfeCycleUITests;
				PRODUCT_NAME = "$(TARGET_NAME)";
				SWIFT_EMIT_LOC_STRINGS = NO;
				SWIFT_VERSION = 5.0;
				TARGETED_DEVICE_FAMILY = "1,2";
				TEST_TARGET_NAME = LIfeCycle;
			};
			name = Release;
		};
/* End XCBuildConfiguration section */

/* Begin XCConfigurationList section */
		894F24202A40157500F31D61 /* Build configuration list for PBXProject "ViewControllLifeCycle" */ = {
			isa = XCConfigurationList;
			buildConfigurations = (
				894F244D2A40157700F31D61 /* Debug */,
				894F244E2A40157700F31D61 /* Release */,
			);
			defaultConfigurationIsVisible = 0;
			defaultConfigurationName = Release;
		};
		894F244F2A40157700F31D61 /* Build configuration list for PBXNativeTarget "ViewControllLifeCycle" */ = {
			isa = XCConfigurationList;
			buildConfigurations = (
				894F24502A40157700F31D61 /* Debug */,
				894F24512A40157700F31D61 /* Release */,
			);
			defaultConfigurationIsVisible = 0;
			defaultConfigurationName = Release;
		};
		894F24522A40157700F31D61 /* Build configuration list for PBXNativeTarget "ViewControllLifeCycleTests" */ = {
			isa = XCConfigurationList;
			buildConfigurations = (
				894F24532A40157700F31D61 /* Debug */,
				894F24542A40157700F31D61 /* Release */,
			);
			defaultConfigurationIsVisible = 0;
			defaultConfigurationName = Release;
		};
		894F24552A40157700F31D61 /* Build configuration list for PBXNativeTarget "ViewControllLifeCycleUITests" */ = {
			isa = XCConfigurationList;
			buildConfigurations = (
				894F24562A40157700F31D61 /* Debug */,
				894F24572A40157700F31D61 /* Release */,
			);
			defaultConfigurationIsVisible = 0;
			defaultConfigurationName = Release;
		};
/* End XCConfigurationList section */
	};
	rootObject = 894F241D2A40157500F31D61 /* Project object */;
}
